
Microsoft Visual Studio Solution File, Format Version 12.00
# Visual Studio Version 17
VisualStudioVersion = 17.1.32421.90
MinimumVisualStudioVersion = 10.0.40219.1
Project("{FAE04EC0-301F-11D3-BF4B-00C04F79EFBC}") = "Reservoom", "Reservoom\Reservoom.csproj", "{3E176444-2DA7-455F-950E-D549B15D1374}"
EndProject
Global
	GlobalSection(SolutionConfigurationPlatforms) = preSolution
		Debug|Any CPU = Debug|Any CPU
		Release|Any CPU = Release|Any CPU
	EndGlobalSection
	GlobalSection(ProjectConfigurationPlatforms) = postSolution
		{3E176444-2DA7-455F-950E-D549B15D1374}.Debug|Any CPU.ActiveCfg = Debug|Any CPU
		{3E176444-2DA7-455F-950E-D549B15D1374}.Debug|Any CPU.Build.0 = Debug|Any CPU
		{3E176444-2DA7-455F-950E-D549B15D1374}.Release|Any CPU.ActiveCfg = Release|Any CPU
		{3E176444-2DA7-455F-950E-D549B15D1374}.Release|Any CPU.Build.0 = Release|Any CPU
	EndGlobalSection
	GlobalSection(SolutionProperties) = preSolution
		HideSolutionNode = FALSE
	EndGlobalSection
	GlobalSection(ExtensibilityGlobals) = postSolution
		SolutionGuid = {0857C52F-CD02-4384-A66B-6975508EFC67}
	EndGlobalSection
EndGlobal
